
Microsoft Visual Studio Solution File, Format Version 12.00
# Visual Studio Version 17
VisualStudioVersion = 17.12.35527.113 d17.12
MinimumVisualStudioVersion = 10.0.40219.1
Project("{FAE04EC0-301F-11D3-BF4B-00C04F79EFBC}") = "Company_PL", "Company_PL\Company_PL.csproj", "{2BCEBCFD-8581-4BD7-AEB3-F45089AB8125}"
EndProject
Project("{FAE04EC0-301F-11D3-BF4B-00C04F79EFBC}") = "Company_DAL", "Company_DAL\Company_DAL.csproj", "{2497CF62-AA10-49D4-83F6-984297F03B15}"
EndProject
Project("{FAE04EC0-301F-11D3-BF4B-00C04F79EFBC}") = "Company_BLL", "Company_BLL\Company_BLL.csproj", "{45C4BACE-97B8-444C-85BF-0BD507D929FB}"
EndProject
Global
	GlobalSection(SolutionConfigurationPlatforms) = preSolution
		Debug|Any CPU = Debug|Any CPU
		Release|Any CPU = Release|Any CPU
	EndGlobalSection
	GlobalSection(ProjectConfigurationPlatforms) = postSolution
		{2BCEBCFD-8581-4BD7-AEB3-F45089AB8125}.Debug|Any CPU.ActiveCfg = Debug|Any CPU
		{2BCEBCFD-8581-4BD7-AEB3-F45089AB8125}.Debug|Any CPU.Build.0 = Debug|Any CPU
		{2BCEBCFD-8581-4BD7-AEB3-F45089AB8125}.Release|Any CPU.ActiveCfg = Release|Any CPU
		{2BCEBCFD-8581-4BD7-AEB3-F45089AB8125}.Release|Any CPU.Build.0 = Release|Any CPU
		{2497CF62-AA10-49D4-83F6-984297F03B15}.Debug|Any CPU.ActiveCfg = Debug|Any CPU
		{2497CF62-AA10-49D4-83F6-984297F03B15}.Debug|Any CPU.Build.0 = Debug|Any CPU
		{2497CF62-AA10-49D4-83F6-984297F03B15}.Release|Any CPU.ActiveCfg = Release|Any CPU
		{2497CF62-AA10-49D4-83F6-984297F03B15}.Release|Any CPU.Build.0 = Release|Any CPU
		{45C4BACE-97B8-444C-85BF-0BD507D929FB}.Debug|Any CPU.ActiveCfg = Debug|Any CPU
		{45C4BACE-97B8-444C-85BF-0BD507D929FB}.Debug|Any CPU.Build.0 = Debug|Any CPU
		{45C4BACE-97B8-444C-85BF-0BD507D929FB}.Release|Any CPU.ActiveCfg = Release|Any CPU
		{45C4BACE-97B8-444C-85BF-0BD507D929FB}.Release|Any CPU.Build.0 = Release|Any CPU
	EndGlobalSection
	GlobalSection(SolutionProperties) = preSolution
		HideSolutionNode = FALSE
	EndGlobalSection
EndGlobal
